// !$*UTF8*$!
{
	archiveVersion = 1;
	classes = {
	};
	objectVersion = 50;
	objects = {

/* Begin PBXBuildFile section */
		CDE68E1120E4800E00329658 /* AppDelegate.swift in Sources */ = {isa = PBXBuildFile; fileRef = CDE68E1020E4800E00329658 /* AppDelegate.swift */; };
		CDE68E1320E4800E00329658 /* TabBarController.swift in Sources */ = {isa = PBXBuildFile; fileRef = CDE68E1220E4800E00329658 /* TabBarController.swift */; };
		CDE68E1620E4800E00329658 /* Main.storyboard in Resources */ = {isa = PBXBuildFile; fileRef = CDE68E1420E4800E00329658 /* Main.storyboard */; };
		CDE68E1820E4801000329658 /* Assets.xcassets in Resources */ = {isa = PBXBuildFile; fileRef = CDE68E1720E4801000329658 /* Assets.xcassets */; };
		CDE68E1B20E4801000329658 /* LaunchScreen.storyboard in Resources */ = {isa = PBXBuildFile; fileRef = CDE68E1920E4801000329658 /* LaunchScreen.storyboard */; };
		CDE68E2320E4807900329658 /* MusicVC.swift in Sources */ = {isa = PBXBuildFile; fileRef = CDE68E2220E4807900329658 /* MusicVC.swift */; };
		CDE68E2520E4808700329658 /* SettingVC.swift in Sources */ = {isa = PBXBuildFile; fileRef = CDE68E2420E4808700329658 /* SettingVC.swift */; };
		CDE68E2720E4809300329658 /* LocationVC.swift in Sources */ = {isa = PBXBuildFile; fileRef = CDE68E2620E4809300329658 /* LocationVC.swift */; };
		CDE68E2920E4858100329658 /* Song.swift in Sources */ = {isa = PBXBuildFile; fileRef = CDE68E2820E4858100329658 /* Song.swift */; };
		CDE68E2B20E4878300329658 /* LocationCell.swift in Sources */ = {isa = PBXBuildFile; fileRef = CDE68E2A20E4878300329658 /* LocationCell.swift */; };
		CDE68E2D20E487DC00329658 /* Location.swift in Sources */ = {isa = PBXBuildFile; fileRef = CDE68E2C20E487DC00329658 /* Location.swift */; };
		CDE68E3420E49EF500329658 /* Extension.swift in Sources */ = {isa = PBXBuildFile; fileRef = CDE68E3320E49EF500329658 /* Extension.swift */; };
		CDE68E3620E4ABAD00329658 /* MusicCell.swift in Sources */ = {isa = PBXBuildFile; fileRef = CDE68E3520E4ABAD00329658 /* MusicCell.swift */; };
/* End PBXBuildFile section */

/* Begin PBXFileReference section */
		CDE68E0D20E4800E00329658 /* ui-code.app */ = {isa = PBXFileReference; explicitFileType = wrapper.application; includeInIndex = 0; path = "ui-code.app"; sourceTree = BUILT_PRODUCTS_DIR; };
		CDE68E1020E4800E00329658 /* AppDelegate.swift */ = {isa = PBXFileReference; lastKnownFileType = sourcecode.swift; path = AppDelegate.swift; sourceTree = "<group>"; };
		CDE68E1220E4800E00329658 /* TabBarController.swift */ = {isa = PBXFileReference; lastKnownFileType = sourcecode.swift; path = TabBarController.swift; sourceTree = "<group>"; };
		CDE68E1520E4800E00329658 /* Base */ = {isa = PBXFileReference; lastKnownFileType = file.storyboard; name = Base; path = Base.lproj/Main.storyboard; sourceTree = "<group>"; };
		CDE68E1720E4801000329658 /* Assets.xcassets */ = {isa = PBXFileReference; lastKnownFileType = folder.assetcatalog; path = Assets.xcassets; sourceTree = "<group>"; };
		CDE68E1A20E4801000329658 /* Base */ = {isa = PBXFileReference; lastKnownFileType = file.storyboard; name = Base; path = Base.lproj/LaunchScreen.storyboard; sourceTree = "<group>"; };
		CDE68E1C20E4801000329658 /* Info.plist */ = {isa = PBXFileReference; lastKnownFileType = text.plist.xml; path = Info.plist; sourceTree = "<group>"; };
		CDE68E2220E4807900329658 /* MusicVC.swift */ = {isa = PBXFileReference; lastKnownFileType = sourcecode.swift; path = MusicVC.swift; sourceTree = "<group>"; };
		CDE68E2420E4808700329658 /* SettingVC.swift */ = {isa = PBXFileReference; lastKnownFileType = sourcecode.swift; path = SettingVC.swift; sourceTree = "<group>"; };
		CDE68E2620E4809300329658 /* LocationVC.swift */ = {isa = PBXFileReference; lastKnownFileType = sourcecode.swift; path = LocationVC.swift; sourceTree = "<group>"; };
		CDE68E2820E4858100329658 /* Song.swift */ = {isa = PBXFileReference; lastKnownFileType = sourcecode.swift; path = Song.swift; sourceTree = "<group>"; };
		CDE68E2A20E4878300329658 /* LocationCell.swift */ = {isa = PBXFileReference; lastKnownFileType = sourcecode.swift; path = LocationCell.swift; sourceTree = "<group>"; };
		CDE68E2C20E487DC00329658 /* Location.swift */ = {isa = PBXFileReference; lastKnownFileType = sourcecode.swift; path = Location.swift; sourceTree = "<group>"; };
		CDE68E3320E49EF500329658 /* Extension.swift */ = {isa = PBXFileReference; lastKnownFileType = sourcecode.swift; path = Extension.swift; sourceTree = "<group>"; };
		CDE68E3520E4ABAD00329658 /* MusicCell.swift */ = {isa = PBXFileReference; lastKnownFileType = sourcecode.swift; path = MusicCell.swift; sourceTree = "<group>"; };
/* End PBXFileReference section */

/* Begin PBXFrameworksBuildPhase section */
		CDE68E0A20E4800E00329658 /* Frameworks */ = {
			isa = PBXFrameworksBuildPhase;
			buildActionMask = 2147483647;
			files = (
			);
			runOnlyForDeploymentPostprocessing = 0;
		};
/* End PBXFrameworksBuildPhase section */

/* Begin PBXGroup section */
		CDE68E0420E4800E00329658 = {
			isa = PBXGroup;
			children = (
				CDE68E0F20E4800E00329658 /* ui-code */,
				CDE68E0E20E4800E00329658 /* Products */,
			);
			sourceTree = "<group>";
		};
		CDE68E0E20E4800E00329658 /* Products */ = {
			isa = PBXGroup;
			children = (
				CDE68E0D20E4800E00329658 /* ui-code.app */,
			);
			name = Products;
			sourceTree = "<group>";
		};
		CDE68E0F20E4800E00329658 /* ui-code */ = {
			isa = PBXGroup;
			children = (
				CDE68E1020E4800E00329658 /* AppDelegate.swift */,
				CDE68E1420E4800E00329658 /* Main.storyboard */,
				CDE68E1920E4801000329658 /* LaunchScreen.storyboard */,
				CDE68E1720E4801000329658 /* Assets.xcassets */,
				CDE68E1C20E4801000329658 /* Info.plist */,
				CDE68E2E20E4893C00329658 /* Controller */,
				CDE68E2F20E4895A00329658 /* Model */,
				CDE68E3020E4896300329658 /* View */,
			);
			path = "ui-code";
			sourceTree = "<group>";
		};
		CDE68E2E20E4893C00329658 /* Controller */ = {
			isa = PBXGroup;
			children = (
				CDE68E1220E4800E00329658 /* TabBarController.swift */,
				CDE68E2220E4807900329658 /* MusicVC.swift */,
				CDE68E2420E4808700329658 /* SettingVC.swift */,
				CDE68E2620E4809300329658 /* LocationVC.swift */,
			);
			path = Controller;
			sourceTree = "<group>";
		};
		CDE68E2F20E4895A00329658 /* Model */ = {
			isa = PBXGroup;
			children = (
				CDE68E2820E4858100329658 /* Song.swift */,
				CDE68E2C20E487DC00329658 /* Location.swift */,
			);
			path = Model;
			sourceTree = "<group>";
		};
		CDE68E3020E4896300329658 /* View */ = {
			isa = PBXGroup;
			children = (
				CDE68E2A20E4878300329658 /* LocationCell.swift */,
				CDE68E3320E49EF500329658 /* Extension.swift */,
				CDE68E3520E4ABAD00329658 /* MusicCell.swift */,
			);
			path = View;
			sourceTree = "<group>";
		};
/* End PBXGroup section */

/* Begin PBXNativeTarget section */
		CDE68E0C20E4800E00329658 /* ui-code */ = {
			isa = PBXNativeTarget;
			buildConfigurationList = CDE68E1F20E4801000329658 /* Build configuration list for PBXNativeTarget "ui-code" */;
			buildPhases = (
				CDE68E0920E4800E00329658 /* Sources */,
				CDE68E0A20E4800E00329658 /* Frameworks */,
				CDE68E0B20E4800E00329658 /* Resources */,
			);
			buildRules = (
			);
			dependencies = (
			);
			name = "ui-code";
			productName = "ui-code";
			productReference = CDE68E0D20E4800E00329658 /* ui-code.app */;
			productType = "com.apple.product-type.application";
		};
/* End PBXNativeTarget section */

/* Begin PBXProject section */
		CDE68E0520E4800E00329658 /* Project object */ = {
			isa = PBXProject;
			attributes = {
				LastSwiftUpdateCheck = 0940;
				LastUpgradeCheck = 0940;
				ORGANIZATIONNAME = samrith;
				TargetAttributes = {
					CDE68E0C20E4800E00329658 = {
						CreatedOnToolsVersion = 9.4.1;
					};
				};
			};
			buildConfigurationList = CDE68E0820E4800E00329658 /* Build configuration list for PBXProject "ui-code" */;
			compatibilityVersion = "Xcode 9.3";
			developmentRegion = en;
			hasScannedForEncodings = 0;
			knownRegions = (
				en,
				Base,
			);
			mainGroup = CDE68E0420E4800E00329658;
			productRefGroup = CDE68E0E20E4800E00329658 /* Products */;
			projectDirPath = "";
			projectRoot = "";
			targets = (
				CDE68E0C20E4800E00329658 /* ui-code */,
			);
		};
/* End PBXProject section */

/* Begin PBXResourcesBuildPhase section */
		CDE68E0B20E4800E00329658 /* Resources */ = {
			isa = PBXResourcesBuildPhase;
			buildActionMask = 2147483647;
			files = (
				CDE68E1B20E4801000329658 /* LaunchScreen.storyboard in Resources */,
				CDE68E1820E4801000329658 /* Assets.xcassets in Resources */,
				CDE68E1620E4800E00329658 /* Main.storyboard in Resources */,
			);
			runOnlyForDeploymentPostprocessing = 0;
		};
/* End PBXResourcesBuildPhase section */

/* Begin PBXSourcesBuildPhase section */
		CDE68E0920E4800E00329658 /* Sources */ = {
			isa = PBXSourcesBuildPhase;
			buildActionMask = 2147483647;
			files = (
				CDE68E3420E49EF500329658 /* Extension.swift in Sources */,
				CDE68E2920E4858100329658 /* Song.swift in Sources */,
				CDE68E2720E4809300329658 /* LocationVC.swift in Sources */,
				CDE68E2D20E487DC00329658 /* Location.swift in Sources */,
				CDE68E1320E4800E00329658 /* TabBarController.swift in Sources */,
				CDE68E3620E4ABAD00329658 /* MusicCell.swift in Sources */,
				CDE68E2520E4808700329658 /* SettingVC.swift in Sources */,
				CDE68E2B20E4878300329658 /* LocationCell.swift in Sources */,
				CDE68E1120E4800E00329658 /* AppDelegate.swift in Sources */,
				CDE68E2320E4807900329658 /* MusicVC.swift in Sources */,
			);
			runOnlyForDeploymentPostprocessing = 0;
		};
/* End PBXSourcesBuildPhase section */

/* Begin PBXVariantGroup section */
		CDE68E1420E4800E00329658 /* Main.storyboard */ = {
			isa = PBXVariantGroup;
			children = (
				CDE68E1520E4800E00329658 /* Base */,
			);
			name = Main.storyboard;
			sourceTree = "<group>";
		};
		CDE68E1920E4801000329658 /* LaunchScreen.storyboard */ = {
			isa = PBXVariantGroup;
			children = (
				CDE68E1A20E4801000329658 /* Base */,
			);
			name = LaunchScreen.storyboard;
			sourceTree = "<group>";
		};
/* End PBXVariantGroup section */

/* Begin XCBuildConfiguration section */
		CDE68E1D20E4801000329658 /* Debug */ = {
			isa = XCBuildConfiguration;
			buildSettings = {
				ALWAYS_SEARCH_USER_PATHS = NO;
				CLANG_ANALYZER_NONNULL = YES;
				CLANG_ANALYZER_NUMBER_OBJECT_CONVERSION = YES_AGGRESSIVE;
				CLANG_CXX_LANGUAGE_STANDARD = "gnu++14";
				CLANG_CXX_LIBRARY = "libc++";
				CLANG_ENABLE_MODULES = YES;
				CLANG_ENABLE_OBJC_ARC = YES;
				CLANG_ENABLE_OBJC_WEAK = YES;
				CLANG_WARN_BLOCK_CAPTURE_AUTORELEASING = YES;
				CLANG_WARN_BOOL_CONVERSION = YES;
				CLANG_WARN_COMMA = YES;
				CLANG_WARN_CONSTANT_CONVERSION = YES;
				CLANG_WARN_DEPRECATED_OBJC_IMPLEMENTATIONS = YES;
				CLANG_WARN_DIRECT_OBJC_ISA_USAGE = YES_ERROR;
				CLANG_WARN_DOCUMENTATION_COMMENTS = YES;
				CLANG_WARN_EMPTY_BODY = YES;
				CLANG_WARN_ENUM_CONVERSION = YES;
				CLANG_WARN_INFINITE_RECURSION = YES;
				CLANG_WARN_INT_CONVERSION = YES;
				CLANG_WARN_NON_LITERAL_NULL_CONVERSION = YES;
				CLANG_WARN_OBJC_IMPLICIT_RETAIN_SELF = YES;
				CLANG_WARN_OBJC_LITERAL_CONVERSION = YES;
				CLANG_WARN_OBJC_ROOT_CLASS = YES_ERROR;
				CLANG_WARN_RANGE_LOOP_ANALYSIS = YES;
				CLANG_WARN_STRICT_PROTOTYPES = YES;
				CLANG_WARN_SUSPICIOUS_MOVE = YES;
				CLANG_WARN_UNGUARDED_AVAILABILITY = YES_AGGRESSIVE;
				CLANG_WARN_UNREACHABLE_CODE = YES;
				CLANG_WARN__DUPLICATE_METHOD_MATCH = YES;
				CODE_SIGN_IDENTITY = "iPhone Developer";
				COPY_PHASE_STRIP = NO;
				DEBUG_INFORMATION_FORMAT = dwarf;
				ENABLE_STRICT_OBJC_MSGSEND = YES;
				ENABLE_TESTABILITY = YES;
				GCC_C_LANGUAGE_STANDARD = gnu11;
				GCC_DYNAMIC_NO_PIC = NO;
				GCC_NO_COMMON_BLOCKS = YES;
				GCC_OPTIMIZATION_LEVEL = 0;
				GCC_PREPROCESSOR_DEFINITIONS = (
					"DEBUG=1",
					"$(inherited)",
				);
				GCC_WARN_64_TO_32_BIT_CONVERSION = YES;
				GCC_WARN_ABOUT_RETURN_TYPE = YES_ERROR;
				GCC_WARN_UNDECLARED_SELECTOR = YES;
				GCC_WARN_UNINITIALIZED_AUTOS = YES_AGGRESSIVE;
				GCC_WARN_UNUSED_FUNCTION = YES;
				GCC_WARN_UNUSED_VARIABLE = YES;
				IPHONEOS_DEPLOYMENT_TARGET = 11.4;
				MTL_ENABLE_DEBUG_INFO = YES;
				ONLY_ACTIVE_ARCH = YES;
				SDKROOT = iphoneos;
				SWIFT_ACTIVE_COMPILATION_CONDITIONS = DEBUG;
				SWIFT_OPTIMIZATION_LEVEL = "-Onone";
			};
			name = Debug;
		};
		CDE68E1E20E4801000329658 /* Release */ = {
			isa = XCBuildConfiguration;
			buildSettings = {
				ALWAYS_SEARCH_USER_PATHS = NO;
				CLANG_ANALYZER_NONNULL = YES;
				CLANG_ANALYZER_NUMBER_OBJECT_CONVERSION = YES_AGGRESSIVE;
				CLANG_CXX_LANGUAGE_STANDARD = "gnu++14";
				CLANG_CXX_LIBRARY = "libc++";
				CLANG_ENABLE_MODULES = YES;
				CLANG_ENABLE_OBJC_ARC = YES;
				CLANG_ENABLE_OBJC_WEAK = YES;
				CLANG_WARN_BLOCK_CAPTURE_AUTORELEASING = YES;
				CLANG_WARN_BOOL_CONVERSION = YES;
				CLANG_WARN_COMMA = YES;
				CLANG_WARN_CONSTANT_CONVERSION = YES;
				CLANG_WARN_DEPRECATED_OBJC_IMPLEMENTATIONS = YES;
				CLANG_WARN_DIRECT_OBJC_ISA_USAGE = YES_ERROR;
				CLANG_WARN_DOCUMENTATION_COMMENTS = YES;
				CLANG_WARN_EMPTY_BODY = YES;
				CLANG_WARN_ENUM_CONVERSION = YES;
				CLANG_WARN_INFINITE_RECURSION = YES;
				CLANG_WARN_INT_CONVERSION = YES;
				CLANG_WARN_NON_LITERAL_NULL_CONVERSION = YES;
				CLANG_WARN_OBJC_IMPLICIT_RETAIN_SELF = YES;
				CLANG_WARN_OBJC_LITERAL_CONVERSION = YES;
				CLANG_WARN_OBJC_ROOT_CLASS = YES_ERROR;
				CLANG_WARN_RANGE_LOOP_ANALYSIS = YES;
				CLANG_WARN_STRICT_PROTOTYPES = YES;
				CLANG_WARN_SUSPICIOUS_MOVE = YES;
				CLANG_WARN_UNGUARDED_AVAILABILITY = YES_AGGRESSIVE;
				CLANG_WARN_UNREACHABLE_CODE = YES;
				CLANG_WARN__DUPLICATE_METHOD_MATCH = YES;
				CODE_SIGN_IDENTITY = "iPhone Developer";
				COPY_PHASE_STRIP = NO;
				DEBUG_INFORMATION_FORMAT = "dwarf-with-dsym";
				ENABLE_NS_ASSERTIONS = NO;
				ENABLE_STRICT_OBJC_MSGSEND = YES;
				GCC_C_LANGUAGE_STANDARD = gnu11;
				GCC_NO_COMMON_BLOCKS = YES;
				GCC_WARN_64_TO_32_BIT_CONVERSION = YES;
				GCC_WARN_ABOUT_RETURN_TYPE = YES_ERROR;
				GCC_WARN_UNDECLARED_SELECTOR = YES;
				GCC_WARN_UNINITIALIZED_AUTOS = YES_AGGRESSIVE;
				GCC_WARN_UNUSED_FUNCTION = YES;
				GCC_WARN_UNUSED_VARIABLE = YES;
				IPHONEOS_DEPLOYMENT_TARGET = 11.4;
				MTL_ENABLE_DEBUG_INFO = NO;
				SDKROOT = iphoneos;
				SWIFT_COMPILATION_MODE = wholemodule;
				SWIFT_OPTIMIZATION_LEVEL = "-O";
				VALIDATE_PRODUCT = YES;
			};
			name = Release;
		};
		CDE68E2020E4801000329658 /* Debug */ = {
			isa = XCBuildConfiguration;
			buildSettings = {
				ASSETCATALOG_COMPILER_APPICON_NAME = AppIcon;
				CODE_SIGN_STYLE = Automatic;
				DEVELOPMENT_TEAM = LCN239U73A;
				INFOPLIST_FILE = "ui-code/Info.plist";
				LD_RUNPATH_SEARCH_PATHS = (
					"$(inherited)",
					"@executable_path/Frameworks",
				);
				PRODUCT_BUNDLE_IDENTIFIER = "com.samrith.ui-code";
				PRODUCT_NAME = "$(TARGET_NAME)";
				SWIFT_VERSION = 4.0;
				TARGETED_DEVICE_FAMILY = "1,2";
			};
			name = Debug;
		};
		CDE68E2120E4801000329658 /* Release */ = {
			isa = XCBuildConfiguration;
			buildSettings = {
				ASSETCATALOG_COMPILER_APPICON_NAME = AppIcon;
				CODE_SIGN_STYLE = Automatic;
				DEVELOPMENT_TEAM = LCN239U73A;
				INFOPLIST_FILE = "ui-code/Info.plist";
				LD_RUNPATH_SEARCH_PATHS = (
					"$(inherited)",
					"@executable_path/Frameworks",
				);
				PRODUCT_BUNDLE_IDENTIFIER = "com.samrith.ui-code";
				PRODUCT_NAME = "$(TARGET_NAME)";
				SWIFT_VERSION = 4.0;
				TARGETED_DEVICE_FAMILY = "1,2";
			};
			name = Release;
		};
/* End XCBuildConfiguration section */

/* Begin XCConfigurationList section */
		CDE68E0820E4800E00329658 /* Build configuration list for PBXProject "ui-code" */ = {
			isa = XCConfigurationList;
			buildConfigurations = (
				CDE68E1D20E4801000329658 /* Debug */,
				CDE68E1E20E4801000329658 /* Release */,
			);
			defaultConfigurationIsVisible = 0;
			defaultConfigurationName = Release;
		};
		CDE68E1F20E4801000329658 /* Build configuration list for PBXNativeTarget "ui-code" */ = {
			isa = XCConfigurationList;
			buildConfigurations = (
				CDE68E2020E4801000329658 /* Debug */,
				CDE68E2120E4801000329658 /* Release */,
			);
			defaultConfigurationIsVisible = 0;
			defaultConfigurationName = Release;
		};
/* End XCConfigurationList section */
	};
	rootObject = CDE68E0520E4800E00329658 /* Project object */;
}
